// !$*UTF8*$!
{
	archiveVersion = 1;
	classes = {
	};
	objectVersion = 56;
	objects = {

/* Begin PBXBuildFile section */
		1C5361EF2BBC54EB00F49D3E /* RemoteFeedItem.swift in Sources */ = {isa = PBXBuildFile; fileRef = 1C5361EE2BBC54EB00F49D3E /* RemoteFeedItem.swift */; };
		1C5361F12BBC551300F49D3E /* LocalFeedImage.swift in Sources */ = {isa = PBXBuildFile; fileRef = 1C5361F02BBC551300F49D3E /* LocalFeedImage.swift */; };
		1C5361F52BBC609600F49D3E /* LoadFeedFromCacheUseCaseTests.swift in Sources */ = {isa = PBXBuildFile; fileRef = 1C5361F42BBC609600F49D3E /* LoadFeedFromCacheUseCaseTests.swift */; };
		1C6F9FC02BB456B700B05F8E /* SaveCacheFeedUseCaseTests.swift in Sources */ = {isa = PBXBuildFile; fileRef = 1C6F9FBF2BB456B700B05F8E /* SaveCacheFeedUseCaseTests.swift */; };
		1C7538E82BA46AAD007FD138 /* EssentialFeedAPIEndToEndTests.swift in Sources */ = {isa = PBXBuildFile; fileRef = 1C7538E72BA46AAD007FD138 /* EssentialFeedAPIEndToEndTests.swift */; };
		1C7538E92BA46AAD007FD138 /* EssentialFeed.framework in Frameworks */ = {isa = PBXBuildFile; fileRef = E41924162B888FF800EEC789 /* EssentialFeed.framework */; };
		1C97C04C2BB9C04700578C25 /* LocalFeedLoader.swift in Sources */ = {isa = PBXBuildFile; fileRef = 1C97C04B2BB9C04700578C25 /* LocalFeedLoader.swift */; };
		1C97C04E2BB9C11E00578C25 /* FeedStore.swift in Sources */ = {isa = PBXBuildFile; fileRef = 1C97C04D2BB9C11E00578C25 /* FeedStore.swift */; };
		1CDBAC112BA3356600EA46B0 /* URLSessionHTTPClient.swift in Sources */ = {isa = PBXBuildFile; fileRef = 1CDBAC102BA3356600EA46B0 /* URLSessionHTTPClient.swift */; };
		1CF565842BA995860074D1B8 /* XCTestCase+MemoryLeakTrackingHelper.swift in Sources */ = {isa = PBXBuildFile; fileRef = E4A87B272B976E1200C74479 /* XCTestCase+MemoryLeakTrackingHelper.swift */; };
		E419241F2B888FF800EEC789 /* EssentialFeed.framework in Frameworks */ = {isa = PBXBuildFile; fileRef = E41924162B888FF800EEC789 /* EssentialFeed.framework */; };
		E41924242B888FF900EEC789 /* LoadFeedFromRemoteUseCaseTests.swift in Sources */ = {isa = PBXBuildFile; fileRef = E41924232B888FF900EEC789 /* LoadFeedFromRemoteUseCaseTests.swift */; };
		E41924252B888FF900EEC789 /* EssentialFeed.h in Headers */ = {isa = PBXBuildFile; fileRef = E41924192B888FF800EEC789 /* EssentialFeed.h */; settings = {ATTRIBUTES = (Public, ); }; };
		E41924342B88923500EEC789 /* RemoteFeedLoader.swift in Sources */ = {isa = PBXBuildFile; fileRef = E41924302B88923500EEC789 /* RemoteFeedLoader.swift */; };
		E41924352B88923500EEC789 /* FeedLoader.swift in Sources */ = {isa = PBXBuildFile; fileRef = E41924322B88923500EEC789 /* FeedLoader.swift */; };
		E41924362B88923500EEC789 /* FeedImage.swift in Sources */ = {isa = PBXBuildFile; fileRef = E41924332B88923500EEC789 /* FeedImage.swift */; };
		E49154052B920CCF00BED2D0 /* URLSessionHTTPClientTests.swift in Sources */ = {isa = PBXBuildFile; fileRef = E49154042B920CCF00BED2D0 /* URLSessionHTTPClientTests.swift */; };
		E4A87B282B976E1200C74479 /* XCTestCase+MemoryLeakTrackingHelper.swift in Sources */ = {isa = PBXBuildFile; fileRef = E4A87B272B976E1200C74479 /* XCTestCase+MemoryLeakTrackingHelper.swift */; };
		E4E6C19C2B8DEA8D003FD4BD /* HTTPClient.swift in Sources */ = {isa = PBXBuildFile; fileRef = E4E6C19B2B8DEA8D003FD4BD /* HTTPClient.swift */; };
		E4E6C19E2B8DEBA9003FD4BD /* FeedItemMapper.swift in Sources */ = {isa = PBXBuildFile; fileRef = E4E6C19D2B8DEBA9003FD4BD /* FeedItemMapper.swift */; };
/* End PBXBuildFile section */

/* Begin PBXContainerItemProxy section */
		1C7538EA2BA46AAD007FD138 /* PBXContainerItemProxy */ = {
			isa = PBXContainerItemProxy;
			containerPortal = E419240D2B888FF800EEC789 /* Project object */;
			proxyType = 1;
			remoteGlobalIDString = E41924152B888FF800EEC789;
			remoteInfo = EssentialFeed;
		};
		E41924202B888FF800EEC789 /* PBXContainerItemProxy */ = {
			isa = PBXContainerItemProxy;
			containerPortal = E419240D2B888FF800EEC789 /* Project object */;
			proxyType = 1;
			remoteGlobalIDString = E41924152B888FF800EEC789;
			remoteInfo = EssentialFeed;
		};
/* End PBXContainerItemProxy section */

/* Begin PBXFileReference section */
		1C5361EE2BBC54EB00F49D3E /* RemoteFeedItem.swift */ = {isa = PBXFileReference; lastKnownFileType = sourcecode.swift; path = RemoteFeedItem.swift; sourceTree = "<group>"; };
		1C5361F02BBC551300F49D3E /* LocalFeedImage.swift */ = {isa = PBXFileReference; lastKnownFileType = sourcecode.swift; path = LocalFeedImage.swift; sourceTree = "<group>"; };
		1C5361F42BBC609600F49D3E /* LoadFeedFromCacheUseCaseTests.swift */ = {isa = PBXFileReference; lastKnownFileType = sourcecode.swift; path = LoadFeedFromCacheUseCaseTests.swift; sourceTree = "<group>"; };
		1C6F9FBF2BB456B700B05F8E /* SaveCacheFeedUseCaseTests.swift */ = {isa = PBXFileReference; lastKnownFileType = sourcecode.swift; path = SaveCacheFeedUseCaseTests.swift; sourceTree = "<group>"; };
		1C7538E02BA4686D007FD138 /* EssentialFeed.xctestplan */ = {isa = PBXFileReference; lastKnownFileType = text; path = EssentialFeed.xctestplan; sourceTree = "<group>"; };
		1C7538E52BA46AAD007FD138 /* EssentialFeedAPIEndToEndTests.xctest */ = {isa = PBXFileReference; explicitFileType = wrapper.cfbundle; includeInIndex = 0; path = EssentialFeedAPIEndToEndTests.xctest; sourceTree = BUILT_PRODUCTS_DIR; };
		1C7538E72BA46AAD007FD138 /* EssentialFeedAPIEndToEndTests.swift */ = {isa = PBXFileReference; lastKnownFileType = sourcecode.swift; path = EssentialFeedAPIEndToEndTests.swift; sourceTree = "<group>"; };
		1C97C04B2BB9C04700578C25 /* LocalFeedLoader.swift */ = {isa = PBXFileReference; lastKnownFileType = sourcecode.swift; path = LocalFeedLoader.swift; sourceTree = "<group>"; };
		1C97C04D2BB9C11E00578C25 /* FeedStore.swift */ = {isa = PBXFileReference; lastKnownFileType = sourcecode.swift; path = FeedStore.swift; sourceTree = "<group>"; };
		1CDBAC102BA3356600EA46B0 /* URLSessionHTTPClient.swift */ = {isa = PBXFileReference; lastKnownFileType = sourcecode.swift; path = URLSessionHTTPClient.swift; sourceTree = "<group>"; };
		1CF565832BA994740074D1B8 /* EssentialFeedAPIEndToEndTests.xctestplan */ = {isa = PBXFileReference; lastKnownFileType = text; path = EssentialFeedAPIEndToEndTests.xctestplan; sourceTree = "<group>"; };
		1CF565852BA9977C0074D1B8 /* CI.xctestplan */ = {isa = PBXFileReference; lastKnownFileType = text; path = CI.xctestplan; sourceTree = "<group>"; };
		1CF565862BA9AB950074D1B8 /* CI.xctestplan */ = {isa = PBXFileReference; lastKnownFileType = file; name = CI.xctestplan; path = ../CI.xctestplan; sourceTree = "<group>"; };
		E41924162B888FF800EEC789 /* EssentialFeed.framework */ = {isa = PBXFileReference; explicitFileType = wrapper.framework; includeInIndex = 0; path = EssentialFeed.framework; sourceTree = BUILT_PRODUCTS_DIR; };
		E41924192B888FF800EEC789 /* EssentialFeed.h */ = {isa = PBXFileReference; lastKnownFileType = sourcecode.c.h; path = EssentialFeed.h; sourceTree = "<group>"; };
		E419241E2B888FF800EEC789 /* EssentialFeedTests.xctest */ = {isa = PBXFileReference; explicitFileType = wrapper.cfbundle; includeInIndex = 0; path = EssentialFeedTests.xctest; sourceTree = BUILT_PRODUCTS_DIR; };
		E41924232B888FF900EEC789 /* LoadFeedFromRemoteUseCaseTests.swift */ = {isa = PBXFileReference; lastKnownFileType = sourcecode.swift; path = LoadFeedFromRemoteUseCaseTests.swift; sourceTree = "<group>"; };
		E41924302B88923500EEC789 /* RemoteFeedLoader.swift */ = {isa = PBXFileReference; fileEncoding = 4; lastKnownFileType = sourcecode.swift; path = RemoteFeedLoader.swift; sourceTree = "<group>"; };
		E41924322B88923500EEC789 /* FeedLoader.swift */ = {isa = PBXFileReference; fileEncoding = 4; lastKnownFileType = sourcecode.swift; path = FeedLoader.swift; sourceTree = "<group>"; };
		E41924332B88923500EEC789 /* FeedImage.swift */ = {isa = PBXFileReference; fileEncoding = 4; lastKnownFileType = sourcecode.swift; path = FeedImage.swift; sourceTree = "<group>"; };
		E49154042B920CCF00BED2D0 /* URLSessionHTTPClientTests.swift */ = {isa = PBXFileReference; lastKnownFileType = sourcecode.swift; path = URLSessionHTTPClientTests.swift; sourceTree = "<group>"; };
		E4A87B272B976E1200C74479 /* XCTestCase+MemoryLeakTrackingHelper.swift */ = {isa = PBXFileReference; lastKnownFileType = sourcecode.swift; path = "XCTestCase+MemoryLeakTrackingHelper.swift"; sourceTree = "<group>"; };
		E4E6C19B2B8DEA8D003FD4BD /* HTTPClient.swift */ = {isa = PBXFileReference; lastKnownFileType = sourcecode.swift; path = HTTPClient.swift; sourceTree = "<group>"; };
		E4E6C19D2B8DEBA9003FD4BD /* FeedItemMapper.swift */ = {isa = PBXFileReference; lastKnownFileType = sourcecode.swift; path = FeedItemMapper.swift; sourceTree = "<group>"; };
/* End PBXFileReference section */

/* Begin PBXFrameworksBuildPhase section */
		1C7538E22BA46AAD007FD138 /* Frameworks */ = {
			isa = PBXFrameworksBuildPhase;
			buildActionMask = 2147483647;
			files = (
				1C7538E92BA46AAD007FD138 /* EssentialFeed.framework in Frameworks */,
			);
			runOnlyForDeploymentPostprocessing = 0;
		};
		E41924132B888FF800EEC789 /* Frameworks */ = {
			isa = PBXFrameworksBuildPhase;
			buildActionMask = 2147483647;
			files = (
			);
			runOnlyForDeploymentPostprocessing = 0;
		};
		E419241B2B888FF800EEC789 /* Frameworks */ = {
			isa = PBXFrameworksBuildPhase;
			buildActionMask = 2147483647;
			files = (
				E419241F2B888FF800EEC789 /* EssentialFeed.framework in Frameworks */,
			);
			runOnlyForDeploymentPostprocessing = 0;
		};
/* End PBXFrameworksBuildPhase section */

/* Begin PBXGroup section */
		1C6F9FBD2BB4502900B05F8E /* test-plans */ = {
			isa = PBXGroup;
			children = (
				1CF565862BA9AB950074D1B8 /* CI.xctestplan */,
			);
			path = "test-plans";
			sourceTree = "<group>";
		};
		1C6F9FBE2BB4569800B05F8E /* Feed Cache */ = {
			isa = PBXGroup;
			children = (
				1C5361F42BBC609600F49D3E /* LoadFeedFromCacheUseCaseTests.swift */,
				1C6F9FBF2BB456B700B05F8E /* SaveCacheFeedUseCaseTests.swift */,
			);
			path = "Feed Cache";
			sourceTree = "<group>";
		};
		1C7538E62BA46AAD007FD138 /* EssentialFeedAPIEndToEndTests */ = {
			isa = PBXGroup;
			children = (
				1C7538E72BA46AAD007FD138 /* EssentialFeedAPIEndToEndTests.swift */,
			);
			path = EssentialFeedAPIEndToEndTests;
			sourceTree = "<group>";
		};
		1C97C04A2BB9C03D00578C25 /* Feed Cache */ = {
			isa = PBXGroup;
			children = (
				1C97C04B2BB9C04700578C25 /* LocalFeedLoader.swift */,
				1C97C04D2BB9C11E00578C25 /* FeedStore.swift */,
				1C5361F02BBC551300F49D3E /* LocalFeedImage.swift */,
			);
			path = "Feed Cache";
			sourceTree = "<group>";
		};
		E419240C2B888FF800EEC789 = {
			isa = PBXGroup;
			children = (
				1CF565832BA994740074D1B8 /* EssentialFeedAPIEndToEndTests.xctestplan */,
				1C7538E02BA4686D007FD138 /* EssentialFeed.xctestplan */,
				1CF565852BA9977C0074D1B8 /* CI.xctestplan */,
				E41924182B888FF800EEC789 /* EssentialFeed */,
				E41924222B888FF900EEC789 /* EssentialFeedTests */,
				1C7538E62BA46AAD007FD138 /* EssentialFeedAPIEndToEndTests */,
				E41924172B888FF800EEC789 /* Products */,
			);
			sourceTree = "<group>";
		};
		E41924172B888FF800EEC789 /* Products */ = {
			isa = PBXGroup;
			children = (
				E41924162B888FF800EEC789 /* EssentialFeed.framework */,
				E419241E2B888FF800EEC789 /* EssentialFeedTests.xctest */,
				1C7538E52BA46AAD007FD138 /* EssentialFeedAPIEndToEndTests.xctest */,
			);
			name = Products;
			sourceTree = "<group>";
		};
		E41924182B888FF800EEC789 /* EssentialFeed */ = {
			isa = PBXGroup;
			children = (
				1C97C04A2BB9C03D00578C25 /* Feed Cache */,
				E41924312B88923500EEC789 /* Feed Feature */,
				E419242F2B88923500EEC789 /* Feed API */,
				E41924192B888FF800EEC789 /* EssentialFeed.h */,
				1C6F9FBD2BB4502900B05F8E /* test-plans */,
			);
			path = EssentialFeed;
			sourceTree = "<group>";
		};
		E41924222B888FF900EEC789 /* EssentialFeedTests */ = {
			isa = PBXGroup;
			children = (
				1C6F9FBE2BB4569800B05F8E /* Feed Cache */,
				E4E6C19F2B8DF7E2003FD4BD /* Feed API */,
			);
			path = EssentialFeedTests;
			sourceTree = "<group>";
		};
		E419242F2B88923500EEC789 /* Feed API */ = {
			isa = PBXGroup;
			children = (
				E41924302B88923500EEC789 /* RemoteFeedLoader.swift */,
				E4E6C19B2B8DEA8D003FD4BD /* HTTPClient.swift */,
				1CDBAC102BA3356600EA46B0 /* URLSessionHTTPClient.swift */,
				1C5361EE2BBC54EB00F49D3E /* RemoteFeedItem.swift */,
			);
			path = "Feed API";
			sourceTree = "<group>";
		};
		E41924312B88923500EEC789 /* Feed Feature */ = {
			isa = PBXGroup;
			children = (
				E41924322B88923500EEC789 /* FeedLoader.swift */,
				E4E6C19D2B8DEBA9003FD4BD /* FeedItemMapper.swift */,
				E41924332B88923500EEC789 /* FeedImage.swift */,
			);
			path = "Feed Feature";
			sourceTree = "<group>";
		};
		E4A87B262B976DD800C74479 /* Helpers */ = {
			isa = PBXGroup;
			children = (
				E4A87B272B976E1200C74479 /* XCTestCase+MemoryLeakTrackingHelper.swift */,
			);
			path = Helpers;
			sourceTree = "<group>";
		};
		E4E6C19F2B8DF7E2003FD4BD /* Feed API */ = {
			isa = PBXGroup;
			children = (
				E4A87B262B976DD800C74479 /* Helpers */,
				E41924232B888FF900EEC789 /* LoadFeedFromRemoteUseCaseTests.swift */,
				E49154042B920CCF00BED2D0 /* URLSessionHTTPClientTests.swift */,
			);
			path = "Feed API";
			sourceTree = "<group>";
		};
/* End PBXGroup section */

/* Begin PBXHeadersBuildPhase section */
		E41924112B888FF800EEC789 /* Headers */ = {
			isa = PBXHeadersBuildPhase;
			buildActionMask = 2147483647;
			files = (
				E41924252B888FF900EEC789 /* EssentialFeed.h in Headers */,
			);
			runOnlyForDeploymentPostprocessing = 0;
		};
/* End PBXHeadersBuildPhase section */

/* Begin PBXNativeTarget section */
		1C7538E42BA46AAD007FD138 /* EssentialFeedAPIEndToEndTests */ = {
			isa = PBXNativeTarget;
			buildConfigurationList = 1C7538EC2BA46AAD007FD138 /* Build configuration list for PBXNativeTarget "EssentialFeedAPIEndToEndTests" */;
			buildPhases = (
				1C7538E12BA46AAD007FD138 /* Sources */,
				1C7538E22BA46AAD007FD138 /* Frameworks */,
				1C7538E32BA46AAD007FD138 /* Resources */,
			);
			buildRules = (
			);
			dependencies = (
				1C7538EB2BA46AAD007FD138 /* PBXTargetDependency */,
			);
			name = EssentialFeedAPIEndToEndTests;
			productName = EssentialFeedAPIEndToEndTests;
			productReference = 1C7538E52BA46AAD007FD138 /* EssentialFeedAPIEndToEndTests.xctest */;
			productType = "com.apple.product-type.bundle.unit-test";
		};
		E41924152B888FF800EEC789 /* EssentialFeed */ = {
			isa = PBXNativeTarget;
			buildConfigurationList = E41924282B888FF900EEC789 /* Build configuration list for PBXNativeTarget "EssentialFeed" */;
			buildPhases = (
				E41924112B888FF800EEC789 /* Headers */,
				E41924122B888FF800EEC789 /* Sources */,
				E41924132B888FF800EEC789 /* Frameworks */,
				E41924142B888FF800EEC789 /* Resources */,
			);
			buildRules = (
			);
			dependencies = (
			);
			name = EssentialFeed;
			productName = EssentialFeed;
			productReference = E41924162B888FF800EEC789 /* EssentialFeed.framework */;
			productType = "com.apple.product-type.framework";
		};
		E419241D2B888FF800EEC789 /* EssentialFeedTests */ = {
			isa = PBXNativeTarget;
			buildConfigurationList = E419242B2B888FF900EEC789 /* Build configuration list for PBXNativeTarget "EssentialFeedTests" */;
			buildPhases = (
				E419241A2B888FF800EEC789 /* Sources */,
				E419241B2B888FF800EEC789 /* Frameworks */,
				E419241C2B888FF800EEC789 /* Resources */,
			);
			buildRules = (
			);
			dependencies = (
				E41924212B888FF800EEC789 /* PBXTargetDependency */,
			);
			name = EssentialFeedTests;
			productName = EssentialFeedTests;
			productReference = E419241E2B888FF800EEC789 /* EssentialFeedTests.xctest */;
			productType = "com.apple.product-type.bundle.unit-test";
		};
/* End PBXNativeTarget section */

/* Begin PBXProject section */
		E419240D2B888FF800EEC789 /* Project object */ = {
			isa = PBXProject;
			attributes = {
				BuildIndependentTargetsInParallel = 1;
				LastSwiftUpdateCheck = 1530;
				LastUpgradeCheck = 1420;
				TargetAttributes = {
					1C7538E42BA46AAD007FD138 = {
						CreatedOnToolsVersion = 15.3;
					};
					E41924152B888FF800EEC789 = {
						CreatedOnToolsVersion = 14.2;
					};
					E419241D2B888FF800EEC789 = {
						CreatedOnToolsVersion = 14.2;
					};
				};
			};
			buildConfigurationList = E41924102B888FF800EEC789 /* Build configuration list for PBXProject "EssentialFeed" */;
			compatibilityVersion = "Xcode 14.0";
			developmentRegion = en;
			hasScannedForEncodings = 0;
			knownRegions = (
				en,
				Base,
			);
			mainGroup = E419240C2B888FF800EEC789;
			productRefGroup = E41924172B888FF800EEC789 /* Products */;
			projectDirPath = "";
			projectRoot = "";
			targets = (
				E41924152B888FF800EEC789 /* EssentialFeed */,
				E419241D2B888FF800EEC789 /* EssentialFeedTests */,
				1C7538E42BA46AAD007FD138 /* EssentialFeedAPIEndToEndTests */,
			);
		};
/* End PBXProject section */

/* Begin PBXResourcesBuildPhase section */
		1C7538E32BA46AAD007FD138 /* Resources */ = {
			isa = PBXResourcesBuildPhase;
			buildActionMask = 2147483647;
			files = (
			);
			runOnlyForDeploymentPostprocessing = 0;
		};
		E41924142B888FF800EEC789 /* Resources */ = {
			isa = PBXResourcesBuildPhase;
			buildActionMask = 2147483647;
			files = (
			);
			runOnlyForDeploymentPostprocessing = 0;
		};
		E419241C2B888FF800EEC789 /* Resources */ = {
			isa = PBXResourcesBuildPhase;
			buildActionMask = 2147483647;
			files = (
			);
			runOnlyForDeploymentPostprocessing = 0;
		};
/* End PBXResourcesBuildPhase section */

/* Begin PBXSourcesBuildPhase section */
		1C7538E12BA46AAD007FD138 /* Sources */ = {
			isa = PBXSourcesBuildPhase;
			buildActionMask = 2147483647;
			files = (
				1C7538E82BA46AAD007FD138 /* EssentialFeedAPIEndToEndTests.swift in Sources */,
				1CF565842BA995860074D1B8 /* XCTestCase+MemoryLeakTrackingHelper.swift in Sources */,
			);
			runOnlyForDeploymentPostprocessing = 0;
		};
		E41924122B888FF800EEC789 /* Sources */ = {
			isa = PBXSourcesBuildPhase;
			buildActionMask = 2147483647;
			files = (
				E41924342B88923500EEC789 /* RemoteFeedLoader.swift in Sources */,
				E4E6C19E2B8DEBA9003FD4BD /* FeedItemMapper.swift in Sources */,
				1C5361EF2BBC54EB00F49D3E /* RemoteFeedItem.swift in Sources */,
				E41924352B88923500EEC789 /* FeedLoader.swift in Sources */,
				1C5361F12BBC551300F49D3E /* LocalFeedImage.swift in Sources */,
				1C97C04E2BB9C11E00578C25 /* FeedStore.swift in Sources */,
				1C97C04C2BB9C04700578C25 /* LocalFeedLoader.swift in Sources */,
				E4E6C19C2B8DEA8D003FD4BD /* HTTPClient.swift in Sources */,
				E41924362B88923500EEC789 /* FeedImage.swift in Sources */,
				1CDBAC112BA3356600EA46B0 /* URLSessionHTTPClient.swift in Sources */,
			);
			runOnlyForDeploymentPostprocessing = 0;
		};
		E419241A2B888FF800EEC789 /* Sources */ = {
			isa = PBXSourcesBuildPhase;
			buildActionMask = 2147483647;
			files = (
				E41924242B888FF900EEC789 /* LoadFeedFromRemoteUseCaseTests.swift in Sources */,
				E4A87B282B976E1200C74479 /* XCTestCase+MemoryLeakTrackingHelper.swift in Sources */,
				1C6F9FC02BB456B700B05F8E /* SaveCacheFeedUseCaseTests.swift in Sources */,
				1C5361F52BBC609600F49D3E /* LoadFeedFromCacheUseCaseTests.swift in Sources */,
				E49154052B920CCF00BED2D0 /* URLSessionHTTPClientTests.swift in Sources */,
			);
			runOnlyForDeploymentPostprocessing = 0;
		};
/* End PBXSourcesBuildPhase section */

/* Begin PBXTargetDependency section */
		1C7538EB2BA46AAD007FD138 /* PBXTargetDependency */ = {
			isa = PBXTargetDependency;
			target = E41924152B888FF800EEC789 /* EssentialFeed */;
			targetProxy = 1C7538EA2BA46AAD007FD138 /* PBXContainerItemProxy */;
		};
		E41924212B888FF800EEC789 /* PBXTargetDependency */ = {
			isa = PBXTargetDependency;
			target = E41924152B888FF800EEC789 /* EssentialFeed */;
			targetProxy = E41924202B888FF800EEC789 /* PBXContainerItemProxy */;
		};
/* End PBXTargetDependency section */

/* Begin XCBuildConfiguration section */
		1C7538ED2BA46AAD007FD138 /* Debug */ = {
			isa = XCBuildConfiguration;
			buildSettings = {
				ASSETCATALOG_COMPILER_GENERATE_SWIFT_ASSET_SYMBOL_EXTENSIONS = YES;
				CODE_SIGN_STYLE = Automatic;
				CURRENT_PROJECT_VERSION = 1;
				DEVELOPMENT_TEAM = J378NLHGG4;
				ENABLE_USER_SCRIPT_SANDBOXING = YES;
				GCC_C_LANGUAGE_STANDARD = gnu17;
				GENERATE_INFOPLIST_FILE = YES;
				LOCALIZATION_PREFERS_STRING_CATALOGS = YES;
				MACOSX_DEPLOYMENT_TARGET = 14.4;
				MARKETING_VERSION = 1.0;
				PRODUCT_BUNDLE_IDENTIFIER = com.essentialdeveloper.EssentialFeedAPIEndToEndTests;
				PRODUCT_NAME = "$(TARGET_NAME)";
				SWIFT_ACTIVE_COMPILATION_CONDITIONS = "DEBUG $(inherited)";
				SWIFT_EMIT_LOC_STRINGS = NO;
				SWIFT_VERSION = 5.0;
			};
			name = Debug;
		};
		1C7538EE2BA46AAD007FD138 /* Release */ = {
			isa = XCBuildConfiguration;
			buildSettings = {
				ASSETCATALOG_COMPILER_GENERATE_SWIFT_ASSET_SYMBOL_EXTENSIONS = YES;
				CODE_SIGN_STYLE = Automatic;
				CURRENT_PROJECT_VERSION = 1;
				DEVELOPMENT_TEAM = J378NLHGG4;
				ENABLE_USER_SCRIPT_SANDBOXING = YES;
				GCC_C_LANGUAGE_STANDARD = gnu17;
				GENERATE_INFOPLIST_FILE = YES;
				LOCALIZATION_PREFERS_STRING_CATALOGS = YES;
				MACOSX_DEPLOYMENT_TARGET = 14.4;
				MARKETING_VERSION = 1.0;
				PRODUCT_BUNDLE_IDENTIFIER = com.essentialdeveloper.EssentialFeedAPIEndToEndTests;
				PRODUCT_NAME = "$(TARGET_NAME)";
				SWIFT_EMIT_LOC_STRINGS = NO;
				SWIFT_VERSION = 5.0;
			};
			name = Release;
		};
		E41924262B888FF900EEC789 /* Debug */ = {
			isa = XCBuildConfiguration;
			buildSettings = {
				ALWAYS_SEARCH_USER_PATHS = NO;
				CLANG_ANALYZER_NONNULL = YES;
				CLANG_ANALYZER_NUMBER_OBJECT_CONVERSION = YES_AGGRESSIVE;
				CLANG_CXX_LANGUAGE_STANDARD = "gnu++20";
				CLANG_ENABLE_MODULES = YES;
				CLANG_ENABLE_OBJC_ARC = YES;
				CLANG_ENABLE_OBJC_WEAK = YES;
				CLANG_WARN_BLOCK_CAPTURE_AUTORELEASING = YES;
				CLANG_WARN_BOOL_CONVERSION = YES;
				CLANG_WARN_COMMA = YES;
				CLANG_WARN_CONSTANT_CONVERSION = YES;
				CLANG_WARN_DEPRECATED_OBJC_IMPLEMENTATIONS = YES;
				CLANG_WARN_DIRECT_OBJC_ISA_USAGE = YES_ERROR;
				CLANG_WARN_DOCUMENTATION_COMMENTS = YES;
				CLANG_WARN_EMPTY_BODY = YES;
				CLANG_WARN_ENUM_CONVERSION = YES;
				CLANG_WARN_INFINITE_RECURSION = YES;
				CLANG_WARN_INT_CONVERSION = YES;
				CLANG_WARN_NON_LITERAL_NULL_CONVERSION = YES;
				CLANG_WARN_OBJC_IMPLICIT_RETAIN_SELF = YES;
				CLANG_WARN_OBJC_LITERAL_CONVERSION = YES;
				CLANG_WARN_OBJC_ROOT_CLASS = YES_ERROR;
				CLANG_WARN_QUOTED_INCLUDE_IN_FRAMEWORK_HEADER = YES;
				CLANG_WARN_RANGE_LOOP_ANALYSIS = YES;
				CLANG_WARN_STRICT_PROTOTYPES = YES;
				CLANG_WARN_SUSPICIOUS_MOVE = YES;
				CLANG_WARN_UNGUARDED_AVAILABILITY = YES_AGGRESSIVE;
				CLANG_WARN_UNREACHABLE_CODE = YES;
				CLANG_WARN__DUPLICATE_METHOD_MATCH = YES;
				COPY_PHASE_STRIP = NO;
				CURRENT_PROJECT_VERSION = 1;
				DEBUG_INFORMATION_FORMAT = dwarf;
				ENABLE_STRICT_OBJC_MSGSEND = YES;
				ENABLE_TESTABILITY = YES;
				GCC_C_LANGUAGE_STANDARD = gnu11;
				GCC_DYNAMIC_NO_PIC = NO;
				GCC_NO_COMMON_BLOCKS = YES;
				GCC_OPTIMIZATION_LEVEL = 0;
				GCC_PREPROCESSOR_DEFINITIONS = (
					"DEBUG=1",
					"$(inherited)",
				);
				GCC_WARN_64_TO_32_BIT_CONVERSION = YES;
				GCC_WARN_ABOUT_RETURN_TYPE = YES_ERROR;
				GCC_WARN_UNDECLARED_SELECTOR = YES;
				GCC_WARN_UNINITIALIZED_AUTOS = YES_AGGRESSIVE;
				GCC_WARN_UNUSED_FUNCTION = YES;
				GCC_WARN_UNUSED_VARIABLE = YES;
				MACOSX_DEPLOYMENT_TARGET = 12.7;
				MTL_ENABLE_DEBUG_INFO = INCLUDE_SOURCE;
				MTL_FAST_MATH = YES;
				ONLY_ACTIVE_ARCH = YES;
				SDKROOT = macosx;
				SWIFT_ACTIVE_COMPILATION_CONDITIONS = DEBUG;
				SWIFT_OPTIMIZATION_LEVEL = "-Onone";
				VERSIONING_SYSTEM = "apple-generic";
				VERSION_INFO_PREFIX = "";
			};
			name = Debug;
		};
		E41924272B888FF900EEC789 /* Release */ = {
			isa = XCBuildConfiguration;
			buildSettings = {
				ALWAYS_SEARCH_USER_PATHS = NO;
				CLANG_ANALYZER_NONNULL = YES;
				CLANG_ANALYZER_NUMBER_OBJECT_CONVERSION = YES_AGGRESSIVE;
				CLANG_CXX_LANGUAGE_STANDARD = "gnu++20";
				CLANG_ENABLE_MODULES = YES;
				CLANG_ENABLE_OBJC_ARC = YES;
				CLANG_ENABLE_OBJC_WEAK = YES;
				CLANG_WARN_BLOCK_CAPTURE_AUTORELEASING = YES;
				CLANG_WARN_BOOL_CONVERSION = YES;
				CLANG_WARN_COMMA = YES;
				CLANG_WARN_CONSTANT_CONVERSION = YES;
				CLANG_WARN_DEPRECATED_OBJC_IMPLEMENTATIONS = YES;
				CLANG_WARN_DIRECT_OBJC_ISA_USAGE = YES_ERROR;
				CLANG_WARN_DOCUMENTATION_COMMENTS = YES;
				CLANG_WARN_EMPTY_BODY = YES;
				CLANG_WARN_ENUM_CONVERSION = YES;
				CLANG_WARN_INFINITE_RECURSION = YES;
				CLANG_WARN_INT_CONVERSION = YES;
				CLANG_WARN_NON_LITERAL_NULL_CONVERSION = YES;
				CLANG_WARN_OBJC_IMPLICIT_RETAIN_SELF = YES;
				CLANG_WARN_OBJC_LITERAL_CONVERSION = YES;
				CLANG_WARN_OBJC_ROOT_CLASS = YES_ERROR;
				CLANG_WARN_QUOTED_INCLUDE_IN_FRAMEWORK_HEADER = YES;
				CLANG_WARN_RANGE_LOOP_ANALYSIS = YES;
				CLANG_WARN_STRICT_PROTOTYPES = YES;
				CLANG_WARN_SUSPICIOUS_MOVE = YES;
				CLANG_WARN_UNGUARDED_AVAILABILITY = YES_AGGRESSIVE;
				CLANG_WARN_UNREACHABLE_CODE = YES;
				CLANG_WARN__DUPLICATE_METHOD_MATCH = YES;
				COPY_PHASE_STRIP = NO;
				CURRENT_PROJECT_VERSION = 1;
				DEBUG_INFORMATION_FORMAT = "dwarf-with-dsym";
				ENABLE_NS_ASSERTIONS = NO;
				ENABLE_STRICT_OBJC_MSGSEND = YES;
				GCC_C_LANGUAGE_STANDARD = gnu11;
				GCC_NO_COMMON_BLOCKS = YES;
				GCC_WARN_64_TO_32_BIT_CONVERSION = YES;
				GCC_WARN_ABOUT_RETURN_TYPE = YES_ERROR;
				GCC_WARN_UNDECLARED_SELECTOR = YES;
				GCC_WARN_UNINITIALIZED_AUTOS = YES_AGGRESSIVE;
				GCC_WARN_UNUSED_FUNCTION = YES;
				GCC_WARN_UNUSED_VARIABLE = YES;
				MACOSX_DEPLOYMENT_TARGET = 12.7;
				MTL_ENABLE_DEBUG_INFO = NO;
				MTL_FAST_MATH = YES;
				SDKROOT = macosx;
				SWIFT_COMPILATION_MODE = wholemodule;
				SWIFT_OPTIMIZATION_LEVEL = "-O";
				VERSIONING_SYSTEM = "apple-generic";
				VERSION_INFO_PREFIX = "";
			};
			name = Release;
		};
		E41924292B888FF900EEC789 /* Debug */ = {
			isa = XCBuildConfiguration;
			buildSettings = {
				CODE_SIGN_STYLE = Automatic;
				COMBINE_HIDPI_IMAGES = YES;
				CURRENT_PROJECT_VERSION = 1;
				DEFINES_MODULE = YES;
				DEVELOPMENT_TEAM = J378NLHGG4;
				DYLIB_COMPATIBILITY_VERSION = 1;
				DYLIB_CURRENT_VERSION = 1;
				DYLIB_INSTALL_NAME_BASE = "@rpath";
				GENERATE_INFOPLIST_FILE = YES;
				INFOPLIST_KEY_NSHumanReadableCopyright = "";
				INSTALL_PATH = "$(LOCAL_LIBRARY_DIR)/Frameworks";
				LD_RUNPATH_SEARCH_PATHS = (
					"$(inherited)",
					"@executable_path/../Frameworks",
					"@loader_path/Frameworks",
				);
				MARKETING_VERSION = 1.0;
				PRODUCT_BUNDLE_IDENTIFIER = com.essentialdeveloper.quirosdeveloper.EssentialFeed;
				PRODUCT_NAME = "$(TARGET_NAME:c99extidentifier)";
				SKIP_INSTALL = YES;
				SWIFT_EMIT_LOC_STRINGS = YES;
				SWIFT_VERSION = 5.0;
			};
			name = Debug;
		};
		E419242A2B888FF900EEC789 /* Release */ = {
			isa = XCBuildConfiguration;
			buildSettings = {
				CODE_SIGN_STYLE = Automatic;
				COMBINE_HIDPI_IMAGES = YES;
				CURRENT_PROJECT_VERSION = 1;
				DEFINES_MODULE = YES;
				DEVELOPMENT_TEAM = J378NLHGG4;
				DYLIB_COMPATIBILITY_VERSION = 1;
				DYLIB_CURRENT_VERSION = 1;
				DYLIB_INSTALL_NAME_BASE = "@rpath";
				GENERATE_INFOPLIST_FILE = YES;
				INFOPLIST_KEY_NSHumanReadableCopyright = "";
				INSTALL_PATH = "$(LOCAL_LIBRARY_DIR)/Frameworks";
				LD_RUNPATH_SEARCH_PATHS = (
					"$(inherited)",
					"@executable_path/../Frameworks",
					"@loader_path/Frameworks",
				);
				MARKETING_VERSION = 1.0;
				PRODUCT_BUNDLE_IDENTIFIER = com.essentialdeveloper.quirosdeveloper.EssentialFeed;
				PRODUCT_NAME = "$(TARGET_NAME:c99extidentifier)";
				SKIP_INSTALL = YES;
				SWIFT_EMIT_LOC_STRINGS = YES;
				SWIFT_VERSION = 5.0;
			};
			name = Release;
		};
		E419242C2B888FF900EEC789 /* Debug */ = {
			isa = XCBuildConfiguration;
			buildSettings = {
				ALWAYS_EMBED_SWIFT_STANDARD_LIBRARIES = YES;
				CODE_SIGN_STYLE = Automatic;
				CURRENT_PROJECT_VERSION = 1;
				DEVELOPMENT_TEAM = J378NLHGG4;
				GENERATE_INFOPLIST_FILE = YES;
				MARKETING_VERSION = 1.0;
				PRODUCT_BUNDLE_IDENTIFIER = com.essentialdeveloper.quirosdeveloper.EssentialFeedTests;
				PRODUCT_NAME = "$(TARGET_NAME)";
				SWIFT_EMIT_LOC_STRINGS = NO;
				SWIFT_VERSION = 5.0;
			};
			name = Debug;
		};
		E419242D2B888FF900EEC789 /* Release */ = {
			isa = XCBuildConfiguration;
			buildSettings = {
				ALWAYS_EMBED_SWIFT_STANDARD_LIBRARIES = YES;
				CODE_SIGN_STYLE = Automatic;
				CURRENT_PROJECT_VERSION = 1;
				DEVELOPMENT_TEAM = J378NLHGG4;
				GENERATE_INFOPLIST_FILE = YES;
				MARKETING_VERSION = 1.0;
				PRODUCT_BUNDLE_IDENTIFIER = com.essentialdeveloper.quirosdeveloper.EssentialFeedTests;
				PRODUCT_NAME = "$(TARGET_NAME)";
				SWIFT_EMIT_LOC_STRINGS = NO;
				SWIFT_VERSION = 5.0;
			};
			name = Release;
		};
/* End XCBuildConfiguration section */

/* Begin XCConfigurationList section */
		1C7538EC2BA46AAD007FD138 /* Build configuration list for PBXNativeTarget "EssentialFeedAPIEndToEndTests" */ = {
			isa = XCConfigurationList;
			buildConfigurations = (
				1C7538ED2BA46AAD007FD138 /* Debug */,
				1C7538EE2BA46AAD007FD138 /* Release */,
			);
			defaultConfigurationIsVisible = 0;
			defaultConfigurationName = Release;
		};
		E41924102B888FF800EEC789 /* Build configuration list for PBXProject "EssentialFeed" */ = {
			isa = XCConfigurationList;
			buildConfigurations = (
				E41924262B888FF900EEC789 /* Debug */,
				E41924272B888FF900EEC789 /* Release */,
			);
			defaultConfigurationIsVisible = 0;
			defaultConfigurationName = Release;
		};
		E41924282B888FF900EEC789 /* Build configuration list for PBXNativeTarget "EssentialFeed" */ = {
			isa = XCConfigurationList;
			buildConfigurations = (
				E41924292B888FF900EEC789 /* Debug */,
				E419242A2B888FF900EEC789 /* Release */,
			);
			defaultConfigurationIsVisible = 0;
			defaultConfigurationName = Release;
		};
		E419242B2B888FF900EEC789 /* Build configuration list for PBXNativeTarget "EssentialFeedTests" */ = {
			isa = XCConfigurationList;
			buildConfigurations = (
				E419242C2B888FF900EEC789 /* Debug */,
				E419242D2B888FF900EEC789 /* Release */,
			);
			defaultConfigurationIsVisible = 0;
			defaultConfigurationName = Release;
		};
/* End XCConfigurationList section */
	};
	rootObject = E419240D2B888FF800EEC789 /* Project object */;
}
